{
  "name": "mk1",
  "version": "1.0.0",
  "lockfileVersion": 3,
  "requires": true,
  "packages": {
    "": {
      "name": "mk1",
      "version": "1.0.0",
      "dependencies": {
        "qrcode": "^1.5.3"
      }
    }
  },
  "dependencies": {
    "qrcode": {
      "version": "^1.5.3"
    }
  }
}
